// !$*UTF8*$!
{
	archiveVersion = 1;
	classes = {
	};
	objectVersion = 46;
	objects = {

/* Begin PBXBuildFile section */
		117A00D11CF92721008EF425 /* main.m in Sources */ = {isa = PBXBuildFile; fileRef = 117A00D01CF92721008EF425 /* main.m */; };
		117A00D41CF92721008EF425 /* AppDelegate.m in Sources */ = {isa = PBXBuildFile; fileRef = 117A00D31CF92721008EF425 /* AppDelegate.m */; };
		117A00D71CF92721008EF425 /* ViewController.m in Sources */ = {isa = PBXBuildFile; fileRef = 117A00D61CF92721008EF425 /* ViewController.m */; };
		117A00DA1CF92721008EF425 /* Main.storyboard in Resources */ = {isa = PBXBuildFile; fileRef = 117A00D81CF92721008EF425 /* Main.storyboard */; };
		117A00DD1CF92721008EF425 /* TableViewTest.xcdatamodeld in Sources */ = {isa = PBXBuildFile; fileRef = 117A00DB1CF92721008EF425 /* TableViewTest.xcdatamodeld */; };
		117A00DF1CF92721008EF425 /* Assets.xcassets in Resources */ = {isa = PBXBuildFile; fileRef = 117A00DE1CF92721008EF425 /* Assets.xcassets */; };
		117A00E21CF92721008EF425 /* LaunchScreen.storyboard in Resources */ = {isa = PBXBuildFile; fileRef = 117A00E01CF92721008EF425 /* LaunchScreen.storyboard */; };
		117A00ED1CF92721008EF425 /* TableViewTestTests.m in Sources */ = {isa = PBXBuildFile; fileRef = 117A00EC1CF92721008EF425 /* TableViewTestTests.m */; };
		117A00F81CF92721008EF425 /* TableViewTestUITests.m in Sources */ = {isa = PBXBuildFile; fileRef = 117A00F71CF92721008EF425 /* TableViewTestUITests.m */; };
/* End PBXBuildFile section */

/* Begin PBXContainerItemProxy section */
		117A00E91CF92721008EF425 /* PBXContainerItemProxy */ = {
			isa = PBXContainerItemProxy;
			containerPortal = 117A00C41CF92721008EF425 /* Project object */;
			proxyType = 1;
			remoteGlobalIDString = 117A00CB1CF92721008EF425;
			remoteInfo = TableViewTest;
		};
		117A00F41CF92721008EF425 /* PBXContainerItemProxy */ = {
			isa = PBXContainerItemProxy;
			containerPortal = 117A00C41CF92721008EF425 /* Project object */;
			proxyType = 1;
			remoteGlobalIDString = 117A00CB1CF92721008EF425;
			remoteInfo = TableViewTest;
		};
/* End PBXContainerItemProxy section */

/* Begin PBXFileReference section */
		117A00CC1CF92721008EF425 /* TableViewTest.app */ = {isa = PBXFileReference; explicitFileType = wrapper.application; includeInIndex = 0; path = TableViewTest.app; sourceTree = BUILT_PRODUCTS_DIR; };
		117A00D01CF92721008EF425 /* main.m */ = {isa = PBXFileReference; lastKnownFileType = sourcecode.c.objc; path = main.m; sourceTree = "<group>"; };
		117A00D21CF92721008EF425 /* AppDelegate.h */ = {isa = PBXFileReference; lastKnownFileType = sourcecode.c.h; path = AppDelegate.h; sourceTree = "<group>"; };
		117A00D31CF92721008EF425 /* AppDelegate.m */ = {isa = PBXFileReference; lastKnownFileType = sourcecode.c.objc; path = AppDelegate.m; sourceTree = "<group>"; };
		117A00D51CF92721008EF425 /* ViewController.h */ = {isa = PBXFileReference; lastKnownFileType = sourcecode.c.h; path = ViewController.h; sourceTree = "<group>"; };
		117A00D61CF92721008EF425 /* ViewController.m */ = {isa = PBXFileReference; lastKnownFileType = sourcecode.c.objc; path = ViewController.m; sourceTree = "<group>"; };
		117A00D91CF92721008EF425 /* Base */ = {isa = PBXFileReference; lastKnownFileType = file.storyboard; name = Base; path = Base.lproj/Main.storyboard; sourceTree = "<group>"; };
		117A00DC1CF92721008EF425 /* TableViewTest.xcdatamodel */ = {isa = PBXFileReference; lastKnownFileType = wrapper.xcdatamodel; path = TableViewTest.xcdatamodel; sourceTree = "<group>"; };
		117A00DE1CF92721008EF425 /* Assets.xcassets */ = {isa = PBXFileReference; lastKnownFileType = folder.assetcatalog; path = Assets.xcassets; sourceTree = "<group>"; };
		117A00E11CF92721008EF425 /* Base */ = {isa = PBXFileReference; lastKnownFileType = file.storyboard; name = Base; path = Base.lproj/LaunchScreen.storyboard; sourceTree = "<group>"; };
		117A00E31CF92721008EF425 /* Info.plist */ = {isa = PBXFileReference; lastKnownFileType = text.plist.xml; path = Info.plist; sourceTree = "<group>"; };
		117A00E81CF92721008EF425 /* TableViewTestTests.xctest */ = {isa = PBXFileReference; explicitFileType = wrapper.cfbundle; includeInIndex = 0; path = TableViewTestTests.xctest; sourceTree = BUILT_PRODUCTS_DIR; };
		117A00EC1CF92721008EF425 /* TableViewTestTests.m */ = {isa = PBXFileReference; lastKnownFileType = sourcecode.c.objc; path = TableViewTestTests.m; sourceTree = "<group>"; };
		117A00EE1CF92721008EF425 /* Info.plist */ = {isa = PBXFileReference; lastKnownFileType = text.plist.xml; path = Info.plist; sourceTree = "<group>"; };
		117A00F31CF92721008EF425 /* TableViewTestUITests.xctest */ = {isa = PBXFileReference; explicitFileType = wrapper.cfbundle; includeInIndex = 0; path = TableViewTestUITests.xctest; sourceTree = BUILT_PRODUCTS_DIR; };
		117A00F71CF92721008EF425 /* TableViewTestUITests.m */ = {isa = PBXFileReference; lastKnownFileType = sourcecode.c.objc; path = TableViewTestUITests.m; sourceTree = "<group>"; };
		117A00F91CF92721008EF425 /* Info.plist */ = {isa = PBXFileReference; lastKnownFileType = text.plist.xml; path = Info.plist; sourceTree = "<group>"; };
/* End PBXFileReference section */

/* Begin PBXFrameworksBuildPhase section */
		117A00C91CF92721008EF425 /* Frameworks */ = {
			isa = PBXFrameworksBuildPhase;
			buildActionMask = 2147483647;
			files = (
			);
			runOnlyForDeploymentPostprocessing = 0;
		};
		117A00E51CF92721008EF425 /* Frameworks */ = {
			isa = PBXFrameworksBuildPhase;
			buildActionMask = 2147483647;
			files = (
			);
			runOnlyForDeploymentPostprocessing = 0;
		};
		117A00F01CF92721008EF425 /* Frameworks */ = {
			isa = PBXFrameworksBuildPhase;
			buildActionMask = 2147483647;
			files = (
			);
			runOnlyForDeploymentPostprocessing = 0;
		};
/* End PBXFrameworksBuildPhase section */

/* Begin PBXGroup section */
		117A00C31CF92721008EF425 = {
			isa = PBXGroup;
			children = (
				117A00CE1CF92721008EF425 /* TableViewTest */,
				117A00EB1CF92721008EF425 /* TableViewTestTests */,
				117A00F61CF92721008EF425 /* TableViewTestUITests */,
				117A00CD1CF92721008EF425 /* Products */,
			);
			sourceTree = "<group>";
		};
		117A00CD1CF92721008EF425 /* Products */ = {
			isa = PBXGroup;
			children = (
				117A00CC1CF92721008EF425 /* TableViewTest.app */,
				117A00E81CF92721008EF425 /* TableViewTestTests.xctest */,
				117A00F31CF92721008EF425 /* TableViewTestUITests.xctest */,
			);
			name = Products;
			sourceTree = "<group>";
		};
		117A00CE1CF92721008EF425 /* TableViewTest */ = {
			isa = PBXGroup;
			children = (
				117A00D21CF92721008EF425 /* AppDelegate.h */,
				117A00D31CF92721008EF425 /* AppDelegate.m */,
				117A00D51CF92721008EF425 /* ViewController.h */,
				117A00D61CF92721008EF425 /* ViewController.m */,
				117A00D81CF92721008EF425 /* Main.storyboard */,
				117A00DE1CF92721008EF425 /* Assets.xcassets */,
				117A00E01CF92721008EF425 /* LaunchScreen.storyboard */,
				117A00E31CF92721008EF425 /* Info.plist */,
				117A00DB1CF92721008EF425 /* TableViewTest.xcdatamodeld */,
				117A00CF1CF92721008EF425 /* Supporting Files */,
			);
			path = TableViewTest;
			sourceTree = "<group>";
		};
		117A00CF1CF92721008EF425 /* Supporting Files */ = {
			isa = PBXGroup;
			children = (
				117A00D01CF92721008EF425 /* main.m */,
			);
			name = "Supporting Files";
			sourceTree = "<group>";
		};
		117A00EB1CF92721008EF425 /* TableViewTestTests */ = {
			isa = PBXGroup;
			children = (
				117A00EC1CF92721008EF425 /* TableViewTestTests.m */,
				117A00EE1CF92721008EF425 /* Info.plist */,
			);
			path = TableViewTestTests;
			sourceTree = "<group>";
		};
		117A00F61CF92721008EF425 /* TableViewTestUITests */ = {
			isa = PBXGroup;
			children = (
				117A00F71CF92721008EF425 /* TableViewTestUITests.m */,
				117A00F91CF92721008EF425 /* Info.plist */,
			);
			path = TableViewTestUITests;
			sourceTree = "<group>";
		};
/* End PBXGroup section */

/* Begin PBXNativeTarget section */
		117A00CB1CF92721008EF425 /* TableViewTest */ = {
			isa = PBXNativeTarget;
			buildConfigurationList = 117A00FC1CF92721008EF425 /* Build configuration list for PBXNativeTarget "TableViewTest" */;
			buildPhases = (
				117A00C81CF92721008EF425 /* Sources */,
				117A00C91CF92721008EF425 /* Frameworks */,
				117A00CA1CF92721008EF425 /* Resources */,
			);
			buildRules = (
			);
			dependencies = (
			);
			name = TableViewTest;
			productName = TableViewTest;
			productReference = 117A00CC1CF92721008EF425 /* TableViewTest.app */;
			productType = "com.apple.product-type.application";
		};
		117A00E71CF92721008EF425 /* TableViewTestTests */ = {
			isa = PBXNativeTarget;
			buildConfigurationList = 117A00FF1CF92721008EF425 /* Build configuration list for PBXNativeTarget "TableViewTestTests" */;
			buildPhases = (
				117A00E41CF92721008EF425 /* Sources */,
				117A00E51CF92721008EF425 /* Frameworks */,
				117A00E61CF92721008EF425 /* Resources */,
			);
			buildRules = (
			);
			dependencies = (
				117A00EA1CF92721008EF425 /* PBXTargetDependency */,
			);
			name = TableViewTestTests;
			productName = TableViewTestTests;
			productReference = 117A00E81CF92721008EF425 /* TableViewTestTests.xctest */;
			productType = "com.apple.product-type.bundle.unit-test";
		};
		117A00F21CF92721008EF425 /* TableViewTestUITests */ = {
			isa = PBXNativeTarget;
			buildConfigurationList = 117A01021CF92721008EF425 /* Build configuration list for PBXNativeTarget "TableViewTestUITests" */;
			buildPhases = (
				117A00EF1CF92721008EF425 /* Sources */,
				117A00F01CF92721008EF425 /* Frameworks */,
				117A00F11CF92721008EF425 /* Resources */,
			);
			buildRules = (
			);
			dependencies = (
				117A00F51CF92721008EF425 /* PBXTargetDependency */,
			);
			name = TableViewTestUITests;
			productName = TableViewTestUITests;
			productReference = 117A00F31CF92721008EF425 /* TableViewTestUITests.xctest */;
			productType = "com.apple.product-type.bundle.ui-testing";
		};
/* End PBXNativeTarget section */

/* Begin PBXProject section */
		117A00C41CF92721008EF425 /* Project object */ = {
			isa = PBXProject;
			attributes = {
				LastUpgradeCheck = 0730;
				ORGANIZATIONNAME = zexin.sun;
				TargetAttributes = {
					117A00CB1CF92721008EF425 = {
						CreatedOnToolsVersion = 7.3.1;
						DevelopmentTeam = 234J22WW63;
					};
					117A00E71CF92721008EF425 = {
						CreatedOnToolsVersion = 7.3.1;
						DevelopmentTeam = 234J22WW63;
						TestTargetID = 117A00CB1CF92721008EF425;
					};
					117A00F21CF92721008EF425 = {
						CreatedOnToolsVersion = 7.3.1;
						DevelopmentTeam = 234J22WW63;
						TestTargetID = 117A00CB1CF92721008EF425;
					};
				};
			};
			buildConfigurationList = 117A00C71CF92721008EF425 /* Build configuration list for PBXProject "TableViewTest" */;
			compatibilityVersion = "Xcode 3.2";
			developmentRegion = English;
			hasScannedForEncodings = 0;
			knownRegions = (
				en,
				Base,
			);
			mainGroup = 117A00C31CF92721008EF425;
			productRefGroup = 117A00CD1CF92721008EF425 /* Products */;
			projectDirPath = "";
			projectRoot = "";
			targets = (
				117A00CB1CF92721008EF425 /* TableViewTest */,
				117A00E71CF92721008EF425 /* TableViewTestTests */,
				117A00F21CF92721008EF425 /* TableViewTestUITests */,
			);
		};
/* End PBXProject section */

/* Begin PBXResourcesBuildPhase section */
		117A00CA1CF92721008EF425 /* Resources */ = {
			isa = PBXResourcesBuildPhase;
			buildActionMask = 2147483647;
			files = (
				117A00E21CF92721008EF425 /* LaunchScreen.storyboard in Resources */,
				117A00DF1CF92721008EF425 /* Assets.xcassets in Resources */,
				117A00DA1CF92721008EF425 /* Main.storyboard in Resources */,
			);
			runOnlyForDeploymentPostprocessing = 0;
		};
		117A00E61CF92721008EF425 /* Resources */ = {
			isa = PBXResourcesBuildPhase;
			buildActionMask = 2147483647;
			files = (
			);
			runOnlyForDeploymentPostprocessing = 0;
		};
		117A00F11CF92721008EF425 /* Resources */ = {
			isa = PBXResourcesBuildPhase;
			buildActionMask = 2147483647;
			files = (
			);
			runOnlyForDeploymentPostprocessing = 0;
		};
/* End PBXResourcesBuildPhase section */

/* Begin PBXSourcesBuildPhase section */
		117A00C81CF92721008EF425 /* Sources */ = {
			isa = PBXSourcesBuildPhase;
			buildActionMask = 2147483647;
			files = (
				117A00D71CF92721008EF425 /* ViewController.m in Sources */,
				117A00DD1CF92721008EF425 /* TableViewTest.xcdatamodeld in Sources */,
				117A00D41CF92721008EF425 /* AppDelegate.m in Sources */,
				117A00D11CF92721008EF425 /* main.m in Sources */,
			);
			runOnlyForDeploymentPostprocessing = 0;
		};
		117A00E41CF92721008EF425 /* Sources */ = {
			isa = PBXSourcesBuildPhase;
			buildActionMask = 2147483647;
			files = (
				117A00ED1CF92721008EF425 /* TableViewTestTests.m in Sources */,
			);
			runOnlyForDeploymentPostprocessing = 0;
		};
		117A00EF1CF92721008EF425 /* Sources */ = {
			isa = PBXSourcesBuildPhase;
			buildActionMask = 2147483647;
			files = (
				117A00F81CF92721008EF425 /* TableViewTestUITests.m in Sources */,
			);
			runOnlyForDeploymentPostprocessing = 0;
		};
/* End PBXSourcesBuildPhase section */

/* Begin PBXTargetDependency section */
		117A00EA1CF92721008EF425 /* PBXTargetDependency */ = {
			isa = PBXTargetDependency;
			target = 117A00CB1CF92721008EF425 /* TableViewTest */;
			targetProxy = 117A00E91CF92721008EF425 /* PBXContainerItemProxy */;
		};
		117A00F51CF92721008EF425 /* PBXTargetDependency */ = {
			isa = PBXTargetDependency;
			target = 117A00CB1CF92721008EF425 /* TableViewTest */;
			targetProxy = 117A00F41CF92721008EF425 /* PBXContainerItemProxy */;
		};
/* End PBXTargetDependency section */

/* Begin PBXVariantGroup section */
		117A00D81CF92721008EF425 /* Main.storyboard */ = {
			isa = PBXVariantGroup;
			children = (
				117A00D91CF92721008EF425 /* Base */,
			);
			name = Main.storyboard;
			sourceTree = "<group>";
		};
		117A00E01CF92721008EF425 /* LaunchScreen.storyboard */ = {
			isa = PBXVariantGroup;
			children = (
				117A00E11CF92721008EF425 /* Base */,
			);
			name = LaunchScreen.storyboard;
			sourceTree = "<group>";
		};
/* End PBXVariantGroup section */

/* Begin XCBuildConfiguration section */
		117A00FA1CF92721008EF425 /* Debug */ = {
			isa = XCBuildConfiguration;
			buildSettings = {
				ALWAYS_SEARCH_USER_PATHS = NO;
				CLANG_ANALYZER_NONNULL = YES;
				CLANG_CXX_LANGUAGE_STANDARD = "gnu++0x";
				CLANG_CXX_LIBRARY = "libc++";
				CLANG_ENABLE_MODULES = YES;
				CLANG_ENABLE_OBJC_ARC = YES;
				CLANG_WARN_BOOL_CONVERSION = YES;
				CLANG_WARN_CONSTANT_CONVERSION = YES;
				CLANG_WARN_DIRECT_OBJC_ISA_USAGE = YES_ERROR;
				CLANG_WARN_EMPTY_BODY = YES;
				CLANG_WARN_ENUM_CONVERSION = YES;
				CLANG_WARN_INT_CONVERSION = YES;
				CLANG_WARN_OBJC_ROOT_CLASS = YES_ERROR;
				CLANG_WARN_UNREACHABLE_CODE = YES;
				CLANG_WARN__DUPLICATE_METHOD_MATCH = YES;
				"CODE_SIGN_IDENTITY[sdk=iphoneos*]" = "iPhone Developer";
				COPY_PHASE_STRIP = NO;
				DEBUG_INFORMATION_FORMAT = dwarf;
				ENABLE_STRICT_OBJC_MSGSEND = YES;
				ENABLE_TESTABILITY = YES;
				GCC_C_LANGUAGE_STANDARD = gnu99;
				GCC_DYNAMIC_NO_PIC = NO;
				GCC_NO_COMMON_BLOCKS = YES;
				GCC_OPTIMIZATION_LEVEL = 0;
				GCC_PREPROCESSOR_DEFINITIONS = (
					"DEBUG=1",
					"$(inherited)",
				);
				GCC_WARN_64_TO_32_BIT_CONVERSION = YES;
				GCC_WARN_ABOUT_RETURN_TYPE = YES_ERROR;
				GCC_WARN_UNDECLARED_SELECTOR = YES;
				GCC_WARN_UNINITIALIZED_AUTOS = YES_AGGRESSIVE;
				GCC_WARN_UNUSED_FUNCTION = YES;
				GCC_WARN_UNUSED_VARIABLE = YES;
				IPHONEOS_DEPLOYMENT_TARGET = 9.3;
				MTL_ENABLE_DEBUG_INFO = YES;
				ONLY_ACTIVE_ARCH = YES;
				SDKROOT = iphoneos;
			};
			name = Debug;
		};
		117A00FB1CF92721008EF425 /* Release */ = {
			isa = XCBuildConfiguration;
			buildSettings = {
				ALWAYS_SEARCH_USER_PATHS = NO;
				CLANG_ANALYZER_NONNULL = YES;
				CLANG_CXX_LANGUAGE_STANDARD = "gnu++0x";
				CLANG_CXX_LIBRARY = "libc++";
				CLANG_ENABLE_MODULES = YES;
				CLANG_ENABLE_OBJC_ARC = YES;
				CLANG_WARN_BOOL_CONVERSION = YES;
				CLANG_WARN_CONSTANT_CONVERSION = YES;
				CLANG_WARN_DIRECT_OBJC_ISA_USAGE = YES_ERROR;
				CLANG_WARN_EMPTY_BODY = YES;
				CLANG_WARN_ENUM_CONVERSION = YES;
				CLANG_WARN_INT_CONVERSION = YES;
				CLANG_WARN_OBJC_ROOT_CLASS = YES_ERROR;
				CLANG_WARN_UNREACHABLE_CODE = YES;
				CLANG_WARN__DUPLICATE_METHOD_MATCH = YES;
				"CODE_SIGN_IDENTITY[sdk=iphoneos*]" = "iPhone Developer";
				COPY_PHASE_STRIP = NO;
				DEBUG_INFORMATION_FORMAT = "dwarf-with-dsym";
				ENABLE_NS_ASSERTIONS = NO;
				ENABLE_STRICT_OBJC_MSGSEND = YES;
				GCC_C_LANGUAGE_STANDARD = gnu99;
				GCC_NO_COMMON_BLOCKS = YES;
				GCC_WARN_64_TO_32_BIT_CONVERSION = YES;
				GCC_WARN_ABOUT_RETURN_TYPE = YES_ERROR;
				GCC_WARN_UNDECLARED_SELECTOR = YES;
				GCC_WARN_UNINITIALIZED_AUTOS = YES_AGGRESSIVE;
				GCC_WARN_UNUSED_FUNCTION = YES;
				GCC_WARN_UNUSED_VARIABLE = YES;
				IPHONEOS_DEPLOYMENT_TARGET = 9.3;
				MTL_ENABLE_DEBUG_INFO = NO;
				SDKROOT = iphoneos;
				VALIDATE_PRODUCT = YES;
			};
			name = Release;
		};
		117A00FD1CF92721008EF425 /* Debug */ = {
			isa = XCBuildConfiguration;
			buildSettings = {
				ASSETCATALOG_COMPILER_APPICON_NAME = AppIcon;
				INFOPLIST_FILE = TableViewTest/Info.plist;
				LD_RUNPATH_SEARCH_PATHS = "$(inherited) @executable_path/Frameworks";
				PRODUCT_BUNDLE_IDENTIFIER = com.zexin.TableViewTest;
				PRODUCT_NAME = "$(TARGET_NAME)";
			};
			name = Debug;
		};
		117A00FE1CF92721008EF425 /* Release */ = {
			isa = XCBuildConfiguration;
			buildSettings = {
				ASSETCATALOG_COMPILER_APPICON_NAME = AppIcon;
				INFOPLIST_FILE = TableViewTest/Info.plist;
				LD_RUNPATH_SEARCH_PATHS = "$(inherited) @executable_path/Frameworks";
				PRODUCT_BUNDLE_IDENTIFIER = com.zexin.TableViewTest;
				PRODUCT_NAME = "$(TARGET_NAME)";
			};
			name = Release;
		};
		117A01001CF92721008EF425 /* Debug */ = {
			isa = XCBuildConfiguration;
			buildSettings = {
				BUNDLE_LOADER = "$(TEST_HOST)";
				INFOPLIST_FILE = TableViewTestTests/Info.plist;
				LD_RUNPATH_SEARCH_PATHS = "$(inherited) @executable_path/Frameworks @loader_path/Frameworks";
				PRODUCT_BUNDLE_IDENTIFIER = com.zexin.TableViewTestTests;
				PRODUCT_NAME = "$(TARGET_NAME)";
				TEST_HOST = "$(BUILT_PRODUCTS_DIR)/TableViewTest.app/TableViewTest";
			};
			name = Debug;
		};
		117A01011CF92721008EF425 /* Release */ = {
			isa = XCBuildConfiguration;
			buildSettings = {
				BUNDLE_LOADER = "$(TEST_HOST)";
				INFOPLIST_FILE = TableViewTestTests/Info.plist;
				LD_RUNPATH_SEARCH_PATHS = "$(inherited) @executable_path/Frameworks @loader_path/Frameworks";
				PRODUCT_BUNDLE_IDENTIFIER = com.zexin.TableViewTestTests;
				PRODUCT_NAME = "$(TARGET_NAME)";
				TEST_HOST = "$(BUILT_PRODUCTS_DIR)/TableViewTest.app/TableViewTest";
			};
			name = Release;
		};
		117A01031CF92721008EF425 /* Debug */ = {
			isa = XCBuildConfiguration;
			buildSettings = {
				INFOPLIST_FILE = TableViewTestUITests/Info.plist;
				LD_RUNPATH_SEARCH_PATHS = "$(inherited) @executable_path/Frameworks @loader_path/Frameworks";
				PRODUCT_BUNDLE_IDENTIFIER = com.zexin.TableViewTestUITests;
				PRODUCT_NAME = "$(TARGET_NAME)";
				TEST_TARGET_NAME = TableViewTest;
			};
			name = Debug;
		};
		117A01041CF92721008EF425 /* Release */ = {
			isa = XCBuildConfiguration;
			buildSettings = {
				INFOPLIST_FILE = TableViewTestUITests/Info.plist;
				LD_RUNPATH_SEARCH_PATHS = "$(inherited) @executable_path/Frameworks @loader_path/Frameworks";
				PRODUCT_BUNDLE_IDENTIFIER = com.zexin.TableViewTestUITests;
				PRODUCT_NAME = "$(TARGET_NAME)";
				TEST_TARGET_NAME = TableViewTest;
			};
			name = Release;
		};
/* End XCBuildConfiguration section */

/* Begin XCConfigurationList section */
		117A00C71CF92721008EF425 /* Build configuration list for PBXProject "TableViewTest" */ = {
			isa = XCConfigurationList;
			buildConfigurations = (
				117A00FA1CF92721008EF425 /* Debug */,
				117A00FB1CF92721008EF425 /* Release */,
			);
			defaultConfigurationIsVisible = 0;
			defaultConfigurationName = Release;
		};
		117A00FC1CF92721008EF425 /* Build configuration list for PBXNativeTarget "TableViewTest" */ = {
			isa = XCConfigurationList;
			buildConfigurations = (
				117A00FD1CF92721008EF425 /* Debug */,
				117A00FE1CF92721008EF425 /* Release */,
			);
			defaultConfigurationIsVisible = 0;
		};
		117A00FF1CF92721008EF425 /* Build configuration list for PBXNativeTarget "TableViewTestTests" */ = {
			isa = XCConfigurationList;
			buildConfigurations = (
				117A01001CF92721008EF425 /* Debug */,
				117A01011CF92721008EF425 /* Release */,
			);
			defaultConfigurationIsVisible = 0;
		};
		117A01021CF92721008EF425 /* Build configuration list for PBXNativeTarget "TableViewTestUITests" */ = {
			isa = XCConfigurationList;
			buildConfigurations = (
				117A01031CF92721008EF425 /* Debug */,
				117A01041CF92721008EF425 /* Release */,
			);
			defaultConfigurationIsVisible = 0;
		};
/* End XCConfigurationList section */

/* Begin XCVersionGroup section */
		117A00DB1CF92721008EF425 /* TableViewTest.xcdatamodeld */ = {
			isa = XCVersionGroup;
			children = (
				117A00DC1CF92721008EF425 /* TableViewTest.xcdatamodel */,
			);
			currentVersion = 117A00DC1CF92721008EF425 /* TableViewTest.xcdatamodel */;
			path = TableViewTest.xcdatamodeld;
			sourceTree = "<group>";
			versionGroupType = wrapper.xcdatamodel;
		};
/* End XCVersionGroup section */
	};
	rootObject = 117A00C41CF92721008EF425 /* Project object */;
}
